
Microsoft Visual Studio Solution File, Format Version 12.00
# Visual Studio Version 17
VisualStudioVersion = 17.0.31903.59
MinimumVisualStudioVersion = 10.0.40219.1
Project("{9A19103F-16F7-4668-BE54-9A1E7A4F7556}") = "Gateway", "Gateway\Gateway.csproj", "{3F821929-A901-4C36-B0CC-2DAF3231E575}"
EndProject
Project("{9A19103F-16F7-4668-BE54-9A1E7A4F7556}") = "Project1", "Project 1\Project1.csproj", "{F37A5521-D5EE-4C5B-BAF9-8856AADE38F3}"
EndProject
Project("{9A19103F-16F7-4668-BE54-9A1E7A4F7556}") = "Project2", "Project 2\Project2.csproj", "{61761787-3ABA-4075-B442-04BB3B9ED7C5}"
EndProject
Global
	GlobalSection(SolutionConfigurationPlatforms) = preSolution
		Debug|Any CPU = Debug|Any CPU
		Release|Any CPU = Release|Any CPU
	EndGlobalSection
	GlobalSection(ProjectConfigurationPlatforms) = postSolution
		{3F821929-A901-4C36-B0CC-2DAF3231E575}.Debug|Any CPU.ActiveCfg = Debug|Any CPU
		{3F821929-A901-4C36-B0CC-2DAF3231E575}.Debug|Any CPU.Build.0 = Debug|Any CPU
		{3F821929-A901-4C36-B0CC-2DAF3231E575}.Release|Any CPU.ActiveCfg = Release|Any CPU
		{3F821929-A901-4C36-B0CC-2DAF3231E575}.Release|Any CPU.Build.0 = Release|Any CPU
		{F37A5521-D5EE-4C5B-BAF9-8856AADE38F3}.Debug|Any CPU.ActiveCfg = Debug|Any CPU
		{F37A5521-D5EE-4C5B-BAF9-8856AADE38F3}.Debug|Any CPU.Build.0 = Debug|Any CPU
		{F37A5521-D5EE-4C5B-BAF9-8856AADE38F3}.Release|Any CPU.ActiveCfg = Release|Any CPU
		{F37A5521-D5EE-4C5B-BAF9-8856AADE38F3}.Release|Any CPU.Build.0 = Release|Any CPU
		{61761787-3ABA-4075-B442-04BB3B9ED7C5}.Debug|Any CPU.ActiveCfg = Debug|Any CPU
		{61761787-3ABA-4075-B442-04BB3B9ED7C5}.Debug|Any CPU.Build.0 = Debug|Any CPU
		{61761787-3ABA-4075-B442-04BB3B9ED7C5}.Release|Any CPU.ActiveCfg = Release|Any CPU
		{61761787-3ABA-4075-B442-04BB3B9ED7C5}.Release|Any CPU.Build.0 = Release|Any CPU
	EndGlobalSection
	GlobalSection(SolutionProperties) = preSolution
		HideSolutionNode = FALSE
	EndGlobalSection
	GlobalSection(ExtensibilityGlobals) = postSolution
		SolutionGuid = {9A4DA91A-4678-4118-8632-B5CF2586BE01}
	EndGlobalSection
EndGlobal
